
Microsoft Visual Studio Solution File, Format Version 12.00
# Visual Studio Version 17
VisualStudioVersion = 17.2.32616.157
MinimumVisualStudioVersion = 10.0.40219.1
Project("{9A19103F-16F7-4668-BE54-9A1E7A4F7556}") = "ChessBurger", "ChessBurger.csproj", "{DBCD0AF6-23D8-47F8-BC50-CED0CB57E184}"
EndProject
Project("{FAE04EC0-301F-11D3-BF4B-00C04F79EFBC}") = "ChessBurgerTest", "..\ChessBurgerTest\ChessBurgerTest.csproj", "{0C85EC23-E8D7-4CAD-9AF1-606B7D4DC849}"
EndProject
Global
	GlobalSection(SolutionConfigurationPlatforms) = preSolution
		Debug|Any CPU = Debug|Any CPU
		Release|Any CPU = Release|Any CPU
	EndGlobalSection
	GlobalSection(ProjectConfigurationPlatforms) = postSolution
		{DBCD0AF6-23D8-47F8-BC50-CED0CB57E184}.Debug|Any CPU.ActiveCfg = Debug|Any CPU
		{DBCD0AF6-23D8-47F8-BC50-CED0CB57E184}.Debug|Any CPU.Build.0 = Debug|Any CPU
		{DBCD0AF6-23D8-47F8-BC50-CED0CB57E184}.Release|Any CPU.ActiveCfg = Release|Any CPU
		{DBCD0AF6-23D8-47F8-BC50-CED0CB57E184}.Release|Any CPU.Build.0 = Release|Any CPU
		{0C85EC23-E8D7-4CAD-9AF1-606B7D4DC849}.Debug|Any CPU.ActiveCfg = Debug|Any CPU
		{0C85EC23-E8D7-4CAD-9AF1-606B7D4DC849}.Debug|Any CPU.Build.0 = Debug|Any CPU
		{0C85EC23-E8D7-4CAD-9AF1-606B7D4DC849}.Release|Any CPU.ActiveCfg = Release|Any CPU
		{0C85EC23-E8D7-4CAD-9AF1-606B7D4DC849}.Release|Any CPU.Build.0 = Release|Any CPU
	EndGlobalSection
	GlobalSection(SolutionProperties) = preSolution
		HideSolutionNode = FALSE
	EndGlobalSection
	GlobalSection(ExtensibilityGlobals) = postSolution
		SolutionGuid = {9D1315E2-6F8D-453E-B787-C7B06F4D0837}
	EndGlobalSection
EndGlobal
